
Microsoft Visual Studio Solution File, Format Version 12.00
# Visual Studio Version 17
VisualStudioVersion = 17.14.36127.28 d17.14
MinimumVisualStudioVersion = 10.0.40219.1
Project("{FAE04EC0-301F-11D3-BF4B-00C04F79EFBC}") = "SalonPhenomenon", "SalonPhenomenon\SalonPhenomenon.csproj", "{9C73F5CA-FF7D-48D0-A3DA-28BA78858470}"
EndProject
Global
	GlobalSection(SolutionConfigurationPlatforms) = preSolution
		Debug|Any CPU = Debug|Any CPU
		Release|Any CPU = Release|Any CPU
	EndGlobalSection
	GlobalSection(ProjectConfigurationPlatforms) = postSolution
		{9C73F5CA-FF7D-48D0-A3DA-28BA78858470}.Debug|Any CPU.ActiveCfg = Debug|Any CPU
		{9C73F5CA-FF7D-48D0-A3DA-28BA78858470}.Debug|Any CPU.Build.0 = Debug|Any CPU
		{9C73F5CA-FF7D-48D0-A3DA-28BA78858470}.Release|Any CPU.ActiveCfg = Release|Any CPU
		{9C73F5CA-FF7D-48D0-A3DA-28BA78858470}.Release|Any CPU.Build.0 = Release|Any CPU
	EndGlobalSection
	GlobalSection(SolutionProperties) = preSolution
		HideSolutionNode = FALSE
	EndGlobalSection
	GlobalSection(ExtensibilityGlobals) = postSolution
		SolutionGuid = {4B684DB4-85A1-4FEA-B378-42C06E0C6D83}
	EndGlobalSection
EndGlobal
